
Microsoft Visual Studio Solution File, Format Version 12.00
# Visual Studio Version 17
VisualStudioVersion = 17.13.35931.197 d17.13
MinimumVisualStudioVersion = 10.0.40219.1
Project("{00D1A9C2-B5F0-4AF3-8072-F6C62B433612}") = "DBTestCICD", "DBTestCICD.sqlproj", "{2C147BBF-989A-4035-89F5-D5BF3CD483EC}"
EndProject
Global
	GlobalSection(SolutionConfigurationPlatforms) = preSolution
		Debug|Any CPU = Debug|Any CPU
		Release|Any CPU = Release|Any CPU
	EndGlobalSection
	GlobalSection(ProjectConfigurationPlatforms) = postSolution
		{2C147BBF-989A-4035-89F5-D5BF3CD483EC}.Debug|Any CPU.ActiveCfg = Debug|Any CPU
		{2C147BBF-989A-4035-89F5-D5BF3CD483EC}.Debug|Any CPU.Build.0 = Debug|Any CPU
		{2C147BBF-989A-4035-89F5-D5BF3CD483EC}.Debug|Any CPU.Deploy.0 = Debug|Any CPU
		{2C147BBF-989A-4035-89F5-D5BF3CD483EC}.Release|Any CPU.ActiveCfg = Release|Any CPU
		{2C147BBF-989A-4035-89F5-D5BF3CD483EC}.Release|Any CPU.Build.0 = Release|Any CPU
		{2C147BBF-989A-4035-89F5-D5BF3CD483EC}.Release|Any CPU.Deploy.0 = Release|Any CPU
	EndGlobalSection
	GlobalSection(SolutionProperties) = preSolution
		HideSolutionNode = FALSE
	EndGlobalSection
	GlobalSection(ExtensibilityGlobals) = postSolution
		SolutionGuid = {34D9A6B8-555F-4DCC-AA9C-6A8FF46E137C}
	EndGlobalSection
EndGlobal
